{
  "name": "kdjn-worker-manager",
  "version": "0.1.15",
  "lockfileVersion": 3,
  "requires": true,
  "packages": {
    "": {
      "name": "kdjn-worker-manager",
      "version": "0.1.15",
      "license": "MIT",
      "bin": {
        "kdjn-worker-mamager": "WorkerManager.js"
      }
    }
  }
}
